{
    "_meta": {
        "hash": {
            "sha256": "5ac265fcb3bdd103a8d8a1c62582e4dc42b87d6f170a97b5bacb4b356d4bcca8"
        },
        "pipfile-spec": 6,
        "requires": {
            "python_version": "3"
        },
        "sources": [
            {
                "name": "pypi",
                "url": "https://pypi.org/simple",
                "verify_ssl": true
            }
        ]
    },
    "default": {
        "colorlog": {
            "hashes": [
                "sha256:0d33ca236784a1ba3ff9c532d4964126d8a2c44f1f0cb1d2b0728196f512f662",
                "sha256:bd94bd21c1e13fac7bd3153f4bc3a7dc0eb0974b8bc2fdf1a989e474f6e582e5"
            ],
            "index": "pypi",
            "version": "==6.7.0"
        }
    },
    "develop": {}
}
